PODS:
  - chat_bottom_container (0.0.1):
    - Flutter
  - CocoaAsyncSocket (7.6.5)
  - Flutter (1.0.0)
  - fluwx (0.0.1):
    - Flutter
    - fluwx/pay (= 0.0.1)
  - fluwx/pay (0.0.1):
    - Flutter
    - WechatOpenSDK-XCFramework (~> 2.0.5)
  - open_filex (0.0.2):
    - Flutter
  - patrol (0.0.1):
    - CocoaAsyncSocket (~> 7.6)
    - Flutter
    - FlutterMacOS
  - tobias (0.0.1):
    - Flutter
    - tobias/normal (= 0.0.1)
  - tobias/normal (0.0.1):
    - Flutter
  - WechatOpenSDK-XCFramework (2.0.5)

DEPENDENCIES:
  - chat_bottom_container (from `.symlinks/plugins/chat_bottom_container/ios`)
  - Flutter (from `Flutter`)
  - fluwx (from `.symlinks/plugins/fluwx/ios`)
  - open_filex (from `.symlinks/plugins/open_filex/ios`)
  - patrol (from `.symlinks/plugins/patrol/darwin`)
  - tobias (from `.symlinks/plugins/tobias/ios`)

SPEC REPOS:
  trunk:
    - CocoaAsyncSocket
    - WechatOpenSDK-XCFramework

EXTERNAL SOURCES:
  chat_bottom_container:
    :path: ".symlinks/plugins/chat_bottom_container/ios"
  Flutter:
    :path: Flutter
  fluwx:
    :path: ".symlinks/plugins/fluwx/ios"
  open_filex:
    :path: ".symlinks/plugins/open_filex/ios"
  patrol:
    :path: ".symlinks/plugins/patrol/darwin"
  tobias:
    :path: ".symlinks/plugins/tobias/ios"

SPEC CHECKSUMS:
  chat_bottom_container: f1eb8323db77a87db50f361142c679f11e892d1b
  CocoaAsyncSocket: 065fd1e645c7abab64f7a6a2007a48038fdc6a99
  Flutter: cabc95a1d2626b1b06e7179b784ebcf0c0cde467
  fluwx: 2ef787502fccb3f3596b380509001a8ea71cbbff
  open_filex: 432f3cd11432da3e39f47fcc0df2b1603854eff1
  patrol: cea8074f183a2a4232d0ebd10569ae05149ada42
  tobias: 7bc370eaccba2e7c7c345902a4a47dc5916cf8bb
  WechatOpenSDK-XCFramework: ff342ae616bb86df3d236aca38059dfd4bc4a949

PODFILE CHECKSUM: c47c24c3f11620d9ae724a4d95f378865253de17

COCOAPODS: 1.16.2
